
Microsoft Visual Studio Solution File, Format Version 12.00
# Visual Studio Version 17
VisualStudioVersion = 17.13.35919.96 d17.13
MinimumVisualStudioVersion = 10.0.40219.1
Project("{FAE04EC0-301F-11D3-BF4B-00C04F79EFBC}") = "WebApplication1", "WebApplication1\WebApplication1.csproj", "{C505F624-FD9C-42CE-A7C3-3949062D3C50}"
EndProject
Global
	GlobalSection(SolutionConfigurationPlatforms) = preSolution
		Debug|Any CPU = Debug|Any CPU
		Release|Any CPU = Release|Any CPU
	EndGlobalSection
	GlobalSection(ProjectConfigurationPlatforms) = postSolution
		{C505F624-FD9C-42CE-A7C3-3949062D3C50}.Debug|Any CPU.ActiveCfg = Debug|Any CPU
		{C505F624-FD9C-42CE-A7C3-3949062D3C50}.Debug|Any CPU.Build.0 = Debug|Any CPU
		{C505F624-FD9C-42CE-A7C3-3949062D3C50}.Release|Any CPU.ActiveCfg = Release|Any CPU
		{C505F624-FD9C-42CE-A7C3-3949062D3C50}.Release|Any CPU.Build.0 = Release|Any CPU
	EndGlobalSection
	GlobalSection(SolutionProperties) = preSolution
		HideSolutionNode = FALSE
	EndGlobalSection
	GlobalSection(ExtensibilityGlobals) = postSolution
		SolutionGuid = {B0CD5E43-5DBC-4A79-B722-758360505A33}
	EndGlobalSection
EndGlobal
